# This file is automatically @generated by Cargo.
# It is not intended for manual editing.
version = 4

[[package]]
name = "lib-advanced"
version = "0.1.0"
dependencies = [
 "lib-common",
 "lib-math",
 "lib-parser",
]

[[package]]
name = "lib-common"
version = "0.1.0"

[[package]]
name = "lib-math"
version = "0.1.0"
dependencies = [
 "lib-common",
]

[[package]]
name = "lib-parser"
version = "0.1.0"
dependencies = [
 "lib-common",
 "lib-utils",
]

[[package]]
name = "lib-utils"
version = "0.1.0"
dependencies = [
 "lib-common",
]

[[package]]
name = "main-binary"
version = "0.1.0"
dependencies = [
 "lib-advanced",
 "lib-common",
 "lib-math",
 "lib-parser",
 "lib-utils",
]
